<Solution>
  <Configurations>
    <Platform Name="Any CPU" />
    <Platform Name="x64" />
    <Platform Name="x86" />
  </Configurations>
  <Folder Name="/src/">
    <Project Path="src/DevantlerTech.KindCLI/DevantlerTech.KindCLI.csproj" />
  </Folder>
  <Folder Name="/tests/">
    <Project Path="tests/DevantlerTech.KindCLI.Tests/DevantlerTech.KindCLI.Tests.csproj" />
  </Folder>
</Solution>
